{
  "name": "firebase-emu-rs",
  "version": "0.1.2",
  "lockfileVersion": 3,
  "requires": true,
  "packages": {
    "": {
      "name": "firebase-emu-rs",
      "version": "0.1.2",
      "license": "Apache-2.0",
      "bin": {
        "firebase-emu": "bin/firebase-emu.cjs"
      },
      "engines": {
        "node": ">=18"
      }
    }
  }
}
